// !$*UTF8*$!
{
	archiveVersion = 1;
	classes = {
	};
	objectVersion = 51;
	objects = {

/* Begin PBXBuildFile section */
		429FE430B85CAE4F443CB36E /* Pods_HDWapaper.framework in Frameworks */ = {isa = PBXBuildFile; fileRef = AABC021DF207B123E3279227 /* Pods_HDWapaper.framework */; };
		98454C4B25EC8AED00EE18C2 /* BaseTBCell.swift in Sources */ = {isa = PBXBuildFile; fileRef = 98454C4A25EC8AED00EE18C2 /* BaseTBCell.swift */; };
		98454C5025EC8AF400EE18C2 /* BaseCLCell.swift in Sources */ = {isa = PBXBuildFile; fileRef = 98454C4F25EC8AF400EE18C2 /* BaseCLCell.swift */; };
		984D474F25ECC210000C6849 /* DetailImageController.swift in Sources */ = {isa = PBXBuildFile; fileRef = 984D474E25ECC210000C6849 /* DetailImageController.swift */; };
		98D4586F25E601C3007EADCB /* AppDelegate.swift in Sources */ = {isa = PBXBuildFile; fileRef = 98D4586E25E601C3007EADCB /* AppDelegate.swift */; };
		98D4587125E601C3007EADCB /* SceneDelegate.swift in Sources */ = {isa = PBXBuildFile; fileRef = 98D4587025E601C3007EADCB /* SceneDelegate.swift */; };
		98D4587325E601C3007EADCB /* ViewController.swift in Sources */ = {isa = PBXBuildFile; fileRef = 98D4587225E601C3007EADCB /* ViewController.swift */; };
		98D4587625E601C3007EADCB /* Main.storyboard in Resources */ = {isa = PBXBuildFile; fileRef = 98D4587425E601C3007EADCB /* Main.storyboard */; };
		98D4587825E601C8007EADCB /* Assets.xcassets in Resources */ = {isa = PBXBuildFile; fileRef = 98D4587725E601C8007EADCB /* Assets.xcassets */; };
		98D4587B25E601C8007EADCB /* LaunchScreen.storyboard in Resources */ = {isa = PBXBuildFile; fileRef = 98D4587925E601C8007EADCB /* LaunchScreen.storyboard */; };
		98D4588625E601C8007EADCB /* HDWapaperTests.swift in Sources */ = {isa = PBXBuildFile; fileRef = 98D4588525E601C8007EADCB /* HDWapaperTests.swift */; };
		98D4589125E601C8007EADCB /* HDWapaperUITests.swift in Sources */ = {isa = PBXBuildFile; fileRef = 98D4589025E601C8007EADCB /* HDWapaperUITests.swift */; };
		98D458B025E602B3007EADCB /* PhotoModel.swift in Sources */ = {isa = PBXBuildFile; fileRef = 98D458AF25E602B3007EADCB /* PhotoModel.swift */; };
		98D458B725E60EA4007EADCB /* PhotoCell.swift in Sources */ = {isa = PBXBuildFile; fileRef = 98D458B525E60EA4007EADCB /* PhotoCell.swift */; };
		98D458B825E60EA4007EADCB /* PhotoCell.xib in Resources */ = {isa = PBXBuildFile; fileRef = 98D458B625E60EA4007EADCB /* PhotoCell.xib */; };
/* End PBXBuildFile section */

/* Begin PBXContainerItemProxy section */
		98D4588225E601C8007EADCB /* PBXContainerItemProxy */ = {
			isa = PBXContainerItemProxy;
			containerPortal = 98D4586325E601C3007EADCB /* Project object */;
			proxyType = 1;
			remoteGlobalIDString = 98D4586A25E601C3007EADCB;
			remoteInfo = HDWapaper;
		};
		98D4588D25E601C8007EADCB /* PBXContainerItemProxy */ = {
			isa = PBXContainerItemProxy;
			containerPortal = 98D4586325E601C3007EADCB /* Project object */;
			proxyType = 1;
			remoteGlobalIDString = 98D4586A25E601C3007EADCB;
			remoteInfo = HDWapaper;
		};
/* End PBXContainerItemProxy section */

/* Begin PBXFileReference section */
		9303422765B9AB17DB027346 /* Pods-HDWapaper.debug.xcconfig */ = {isa = PBXFileReference; includeInIndex = 1; lastKnownFileType = text.xcconfig; name = "Pods-HDWapaper.debug.xcconfig"; path = "Target Support Files/Pods-HDWapaper/Pods-HDWapaper.debug.xcconfig"; sourceTree = "<group>"; };
		98454C4A25EC8AED00EE18C2 /* BaseTBCell.swift */ = {isa = PBXFileReference; fileEncoding = 4; lastKnownFileType = sourcecode.swift; path = BaseTBCell.swift; sourceTree = "<group>"; };
		98454C4F25EC8AF400EE18C2 /* BaseCLCell.swift */ = {isa = PBXFileReference; fileEncoding = 4; lastKnownFileType = sourcecode.swift; path = BaseCLCell.swift; sourceTree = "<group>"; };
		984D474E25ECC210000C6849 /* DetailImageController.swift */ = {isa = PBXFileReference; lastKnownFileType = sourcecode.swift; path = DetailImageController.swift; sourceTree = "<group>"; };
		98D4586B25E601C3007EADCB /* HDWapaper.app */ = {isa = PBXFileReference; explicitFileType = wrapper.application; includeInIndex = 0; path = HDWapaper.app; sourceTree = BUILT_PRODUCTS_DIR; };
		98D4586E25E601C3007EADCB /* AppDelegate.swift */ = {isa = PBXFileReference; lastKnownFileType = sourcecode.swift; path = AppDelegate.swift; sourceTree = "<group>"; };
		98D4587025E601C3007EADCB /* SceneDelegate.swift */ = {isa = PBXFileReference; lastKnownFileType = sourcecode.swift; path = SceneDelegate.swift; sourceTree = "<group>"; };
		98D4587225E601C3007EADCB /* ViewController.swift */ = {isa = PBXFileReference; lastKnownFileType = sourcecode.swift; path = ViewController.swift; sourceTree = "<group>"; };
		98D4587525E601C3007EADCB /* Base */ = {isa = PBXFileReference; lastKnownFileType = file.storyboard; name = Base; path = Base.lproj/Main.storyboard; sourceTree = "<group>"; };
		98D4587725E601C8007EADCB /* Assets.xcassets */ = {isa = PBXFileReference; lastKnownFileType = folder.assetcatalog; path = Assets.xcassets; sourceTree = "<group>"; };
		98D4587A25E601C8007EADCB /* Base */ = {isa = PBXFileReference; lastKnownFileType = file.storyboard; name = Base; path = Base.lproj/LaunchScreen.storyboard; sourceTree = "<group>"; };
		98D4587C25E601C8007EADCB /* Info.plist */ = {isa = PBXFileReference; lastKnownFileType = text.plist.xml; path = Info.plist; sourceTree = "<group>"; };
		98D4588125E601C8007EADCB /* HDWapaperTests.xctest */ = {isa = PBXFileReference; explicitFileType = wrapper.cfbundle; includeInIndex = 0; path = HDWapaperTests.xctest; sourceTree = BUILT_PRODUCTS_DIR; };
		98D4588525E601C8007EADCB /* HDWapaperTests.swift */ = {isa = PBXFileReference; lastKnownFileType = sourcecode.swift; path = HDWapaperTests.swift; sourceTree = "<group>"; };
		98D4588725E601C8007EADCB /* Info.plist */ = {isa = PBXFileReference; lastKnownFileType = text.plist.xml; path = Info.plist; sourceTree = "<group>"; };
		98D4588C25E601C8007EADCB /* HDWapaperUITests.xctest */ = {isa = PBXFileReference; explicitFileType = wrapper.cfbundle; includeInIndex = 0; path = HDWapaperUITests.xctest; sourceTree = BUILT_PRODUCTS_DIR; };
		98D4589025E601C8007EADCB /* HDWapaperUITests.swift */ = {isa = PBXFileReference; lastKnownFileType = sourcecode.swift; path = HDWapaperUITests.swift; sourceTree = "<group>"; };
		98D4589225E601C8007EADCB /* Info.plist */ = {isa = PBXFileReference; lastKnownFileType = text.plist.xml; path = Info.plist; sourceTree = "<group>"; };
		98D458AF25E602B3007EADCB /* PhotoModel.swift */ = {isa = PBXFileReference; lastKnownFileType = sourcecode.swift; path = PhotoModel.swift; sourceTree = "<group>"; };
		98D458B525E60EA4007EADCB /* PhotoCell.swift */ = {isa = PBXFileReference; lastKnownFileType = sourcecode.swift; path = PhotoCell.swift; sourceTree = "<group>"; };
		98D458B625E60EA4007EADCB /* PhotoCell.xib */ = {isa = PBXFileReference; lastKnownFileType = file.xib; path = PhotoCell.xib; sourceTree = "<group>"; };
		9DBA0649049042736AA616CD /* Pods-HDWapaper.release.xcconfig */ = {isa = PBXFileReference; includeInIndex = 1; lastKnownFileType = text.xcconfig; name = "Pods-HDWapaper.release.xcconfig"; path = "Target Support Files/Pods-HDWapaper/Pods-HDWapaper.release.xcconfig"; sourceTree = "<group>"; };
		AABC021DF207B123E3279227 /* Pods_HDWapaper.framework */ = {isa = PBXFileReference; explicitFileType = wrapper.framework; includeInIndex = 0; path = Pods_HDWapaper.framework; sourceTree = BUILT_PRODUCTS_DIR; };
/* End PBXFileReference section */

/* Begin PBXFrameworksBuildPhase section */
		98D4586825E601C3007EADCB /* Frameworks */ = {
			isa = PBXFrameworksBuildPhase;
			buildActionMask = 2147483647;
			files = (
				429FE430B85CAE4F443CB36E /* Pods_HDWapaper.framework in Frameworks */,
			);
			runOnlyForDeploymentPostprocessing = 0;
		};
		98D4587E25E601C8007EADCB /* Frameworks */ = {
			isa = PBXFrameworksBuildPhase;
			buildActionMask = 2147483647;
			files = (
			);
			runOnlyForDeploymentPostprocessing = 0;
		};
		98D4588925E601C8007EADCB /* Frameworks */ = {
			isa = PBXFrameworksBuildPhase;
			buildActionMask = 2147483647;
			files = (
			);
			runOnlyForDeploymentPostprocessing = 0;
		};
/* End PBXFrameworksBuildPhase section */

/* Begin PBXGroup section */
		98D4586225E601C3007EADCB = {
			isa = PBXGroup;
			children = (
				98D4586D25E601C3007EADCB /* HDWapaper */,
				98D4588425E601C8007EADCB /* HDWapaperTests */,
				98D4588F25E601C8007EADCB /* HDWapaperUITests */,
				98D4586C25E601C3007EADCB /* Products */,
				D3D1180E747FE60B074E813F /* Pods */,
				DD7BE4FC9F43D67EA4C68EB9 /* Frameworks */,
			);
			sourceTree = "<group>";
		};
		98D4586C25E601C3007EADCB /* Products */ = {
			isa = PBXGroup;
			children = (
				98D4586B25E601C3007EADCB /* HDWapaper.app */,
				98D4588125E601C8007EADCB /* HDWapaperTests.xctest */,
				98D4588C25E601C8007EADCB /* HDWapaperUITests.xctest */,
			);
			name = Products;
			sourceTree = "<group>";
		};
		98D4586D25E601C3007EADCB /* HDWapaper */ = {
			isa = PBXGroup;
			children = (
				98D458A325E601FA007EADCB /* Controller */,
				98D458A225E601F0007EADCB /* View */,
				98D458A125E601EA007EADCB /* Model */,
				98D4586E25E601C3007EADCB /* AppDelegate.swift */,
				98D4587025E601C3007EADCB /* SceneDelegate.swift */,
				98D4587425E601C3007EADCB /* Main.storyboard */,
				98D4587725E601C8007EADCB /* Assets.xcassets */,
				98D4587925E601C8007EADCB /* LaunchScreen.storyboard */,
				98D4587C25E601C8007EADCB /* Info.plist */,
			);
			path = HDWapaper;
			sourceTree = "<group>";
		};
		98D4588425E601C8007EADCB /* HDWapaperTests */ = {
			isa = PBXGroup;
			children = (
				98D4588525E601C8007EADCB /* HDWapaperTests.swift */,
				98D4588725E601C8007EADCB /* Info.plist */,
			);
			path = HDWapaperTests;
			sourceTree = "<group>";
		};
		98D4588F25E601C8007EADCB /* HDWapaperUITests */ = {
			isa = PBXGroup;
			children = (
				98D4589025E601C8007EADCB /* HDWapaperUITests.swift */,
				98D4589225E601C8007EADCB /* Info.plist */,
			);
			path = HDWapaperUITests;
			sourceTree = "<group>";
		};
		98D458A125E601EA007EADCB /* Model */ = {
			isa = PBXGroup;
			children = (
				98D458AF25E602B3007EADCB /* PhotoModel.swift */,
			);
			path = Model;
			sourceTree = "<group>";
		};
		98D458A225E601F0007EADCB /* View */ = {
			isa = PBXGroup;
			children = (
				98454C4F25EC8AF400EE18C2 /* BaseCLCell.swift */,
				98454C4A25EC8AED00EE18C2 /* BaseTBCell.swift */,
				98D458B525E60EA4007EADCB /* PhotoCell.swift */,
				98D458B625E60EA4007EADCB /* PhotoCell.xib */,
			);
			path = View;
			sourceTree = "<group>";
		};
		98D458A325E601FA007EADCB /* Controller */ = {
			isa = PBXGroup;
			children = (
				98D4587225E601C3007EADCB /* ViewController.swift */,
				984D474E25ECC210000C6849 /* DetailImageController.swift */,
			);
			path = Controller;
			sourceTree = "<group>";
		};
		D3D1180E747FE60B074E813F /* Pods */ = {
			isa = PBXGroup;
			children = (
				9303422765B9AB17DB027346 /* Pods-HDWapaper.debug.xcconfig */,
				9DBA0649049042736AA616CD /* Pods-HDWapaper.release.xcconfig */,
			);
			path = Pods;
			sourceTree = "<group>";
		};
		DD7BE4FC9F43D67EA4C68EB9 /* Frameworks */ = {
			isa = PBXGroup;
			children = (
				AABC021DF207B123E3279227 /* Pods_HDWapaper.framework */,
			);
			name = Frameworks;
			sourceTree = "<group>";
		};
/* End PBXGroup section */

/* Begin PBXNativeTarget section */
		98D4586A25E601C3007EADCB /* HDWapaper */ = {
			isa = PBXNativeTarget;
			buildConfigurationList = 98D4589525E601C8007EADCB /* Build configuration list for PBXNativeTarget "HDWapaper" */;
			buildPhases = (
				294AAB59B6AABEF91D0B4CD1 /* [CP] Check Pods Manifest.lock */,
				98D4586725E601C3007EADCB /* Sources */,
				98D4586825E601C3007EADCB /* Frameworks */,
				98D4586925E601C3007EADCB /* Resources */,
				76070F229960AEFF25B8BB35 /* [CP] Embed Pods Frameworks */,
			);
			buildRules = (
			);
			dependencies = (
			);
			name = HDWapaper;
			productName = HDWapaper;
			productReference = 98D4586B25E601C3007EADCB /* HDWapaper.app */;
			productType = "com.apple.product-type.application";
		};
		98D4588025E601C8007EADCB /* HDWapaperTests */ = {
			isa = PBXNativeTarget;
			buildConfigurationList = 98D4589825E601C8007EADCB /* Build configuration list for PBXNativeTarget "HDWapaperTests" */;
			buildPhases = (
				98D4587D25E601C8007EADCB /* Sources */,
				98D4587E25E601C8007EADCB /* Frameworks */,
				98D4587F25E601C8007EADCB /* Resources */,
			);
			buildRules = (
			);
			dependencies = (
				98D4588325E601C8007EADCB /* PBXTargetDependency */,
			);
			name = HDWapaperTests;
			productName = HDWapaperTests;
			productReference = 98D4588125E601C8007EADCB /* HDWapaperTests.xctest */;
			productType = "com.apple.product-type.bundle.unit-test";
		};
		98D4588B25E601C8007EADCB /* HDWapaperUITests */ = {
			isa = PBXNativeTarget;
			buildConfigurationList = 98D4589B25E601C8007EADCB /* Build configuration list for PBXNativeTarget "HDWapaperUITests" */;
			buildPhases = (
				98D4588825E601C8007EADCB /* Sources */,
				98D4588925E601C8007EADCB /* Frameworks */,
				98D4588A25E601C8007EADCB /* Resources */,
			);
			buildRules = (
			);
			dependencies = (
				98D4588E25E601C8007EADCB /* PBXTargetDependency */,
			);
			name = HDWapaperUITests;
			productName = HDWapaperUITests;
			productReference = 98D4588C25E601C8007EADCB /* HDWapaperUITests.xctest */;
			productType = "com.apple.product-type.bundle.ui-testing";
		};
/* End PBXNativeTarget section */

/* Begin PBXProject section */
		98D4586325E601C3007EADCB /* Project object */ = {
			isa = PBXProject;
			attributes = {
				LastSwiftUpdateCheck = 1240;
				LastUpgradeCheck = 1240;
				TargetAttributes = {
					98D4586A25E601C3007EADCB = {
						CreatedOnToolsVersion = 12.4;
					};
					98D4588025E601C8007EADCB = {
						CreatedOnToolsVersion = 12.4;
						TestTargetID = 98D4586A25E601C3007EADCB;
					};
					98D4588B25E601C8007EADCB = {
						CreatedOnToolsVersion = 12.4;
						TestTargetID = 98D4586A25E601C3007EADCB;
					};
				};
			};
			buildConfigurationList = 98D4586625E601C3007EADCB /* Build configuration list for PBXProject "HDWapaper" */;
			compatibilityVersion = "Xcode 9.3";
			developmentRegion = en;
			hasScannedForEncodings = 0;
			knownRegions = (
				en,
				Base,
			);
			mainGroup = 98D4586225E601C3007EADCB;
			productRefGroup = 98D4586C25E601C3007EADCB /* Products */;
			projectDirPath = "";
			projectRoot = "";
			targets = (
				98D4586A25E601C3007EADCB /* HDWapaper */,
				98D4588025E601C8007EADCB /* HDWapaperTests */,
				98D4588B25E601C8007EADCB /* HDWapaperUITests */,
			);
		};
/* End PBXProject section */

/* Begin PBXResourcesBuildPhase section */
		98D4586925E601C3007EADCB /* Resources */ = {
			isa = PBXResourcesBuildPhase;
			buildActionMask = 2147483647;
			files = (
				98D458B825E60EA4007EADCB /* PhotoCell.xib in Resources */,
				98D4587B25E601C8007EADCB /* LaunchScreen.storyboard in Resources */,
				98D4587825E601C8007EADCB /* Assets.xcassets in Resources */,
				98D4587625E601C3007EADCB /* Main.storyboard in Resources */,
			);
			runOnlyForDeploymentPostprocessing = 0;
		};
		98D4587F25E601C8007EADCB /* Resources */ = {
			isa = PBXResourcesBuildPhase;
			buildActionMask = 2147483647;
			files = (
			);
			runOnlyForDeploymentPostprocessing = 0;
		};
		98D4588A25E601C8007EADCB /* Resources */ = {
			isa = PBXResourcesBuildPhase;
			buildActionMask = 2147483647;
			files = (
			);
			runOnlyForDeploymentPostprocessing = 0;
		};
/* End PBXResourcesBuildPhase section */

/* Begin PBXShellScriptBuildPhase section */
		294AAB59B6AABEF91D0B4CD1 /* [CP] Check Pods Manifest.lock */ = {
			isa = PBXShellScriptBuildPhase;
			buildActionMask = 2147483647;
			files = (
			);
			inputFileListPaths = (
			);
			inputPaths = (
				"${PODS_PODFILE_DIR_PATH}/Podfile.lock",
				"${PODS_ROOT}/Manifest.lock",
			);
			name = "[CP] Check Pods Manifest.lock";
			outputFileListPaths = (
			);
			outputPaths = (
				"$(DERIVED_FILE_DIR)/Pods-HDWapaper-checkManifestLockResult.txt",
			);
			runOnlyForDeploymentPostprocessing = 0;
			shellPath = /bin/sh;
			shellScript = "diff \"${PODS_PODFILE_DIR_PATH}/Podfile.lock\" \"${PODS_ROOT}/Manifest.lock\" > /dev/null\nif [ $? != 0 ] ; then\n    # print error to STDERR\n    echo \"error: The sandbox is not in sync with the Podfile.lock. Run 'pod install' or update your CocoaPods installation.\" >&2\n    exit 1\nfi\n# This output is used by Xcode 'outputs' to avoid re-running this script phase.\necho \"SUCCESS\" > \"${SCRIPT_OUTPUT_FILE_0}\"\n";
			showEnvVarsInLog = 0;
		};
		76070F229960AEFF25B8BB35 /* [CP] Embed Pods Frameworks */ = {
			isa = PBXShellScriptBuildPhase;
			buildActionMask = 2147483647;
			files = (
			);
			inputFileListPaths = (
				"${PODS_ROOT}/Target Support Files/Pods-HDWapaper/Pods-HDWapaper-frameworks-${CONFIGURATION}-input-files.xcfilelist",
			);
			name = "[CP] Embed Pods Frameworks";
			outputFileListPaths = (
				"${PODS_ROOT}/Target Support Files/Pods-HDWapaper/Pods-HDWapaper-frameworks-${CONFIGURATION}-output-files.xcfilelist",
			);
			runOnlyForDeploymentPostprocessing = 0;
			shellPath = /bin/sh;
			shellScript = "\"${PODS_ROOT}/Target Support Files/Pods-HDWapaper/Pods-HDWapaper-frameworks.sh\"\n";
			showEnvVarsInLog = 0;
		};
/* End PBXShellScriptBuildPhase section */

/* Begin PBXSourcesBuildPhase section */
		98D4586725E601C3007EADCB /* Sources */ = {
			isa = PBXSourcesBuildPhase;
			buildActionMask = 2147483647;
			files = (
				984D474F25ECC210000C6849 /* DetailImageController.swift in Sources */,
				98D4587325E601C3007EADCB /* ViewController.swift in Sources */,
				98D458B725E60EA4007EADCB /* PhotoCell.swift in Sources */,
				98454C5025EC8AF400EE18C2 /* BaseCLCell.swift in Sources */,
				98D4586F25E601C3007EADCB /* AppDelegate.swift in Sources */,
				98D458B025E602B3007EADCB /* PhotoModel.swift in Sources */,
				98454C4B25EC8AED00EE18C2 /* BaseTBCell.swift in Sources */,
				98D4587125E601C3007EADCB /* SceneDelegate.swift in Sources */,
			);
			runOnlyForDeploymentPostprocessing = 0;
		};
		98D4587D25E601C8007EADCB /* Sources */ = {
			isa = PBXSourcesBuildPhase;
			buildActionMask = 2147483647;
			files = (
				98D4588625E601C8007EADCB /* HDWapaperTests.swift in Sources */,
			);
			runOnlyForDeploymentPostprocessing = 0;
		};
		98D4588825E601C8007EADCB /* Sources */ = {
			isa = PBXSourcesBuildPhase;
			buildActionMask = 2147483647;
			files = (
				98D4589125E601C8007EADCB /* HDWapaperUITests.swift in Sources */,
			);
			runOnlyForDeploymentPostprocessing = 0;
		};
/* End PBXSourcesBuildPhase section */

/* Begin PBXTargetDependency section */
		98D4588325E601C8007EADCB /* PBXTargetDependency */ = {
			isa = PBXTargetDependency;
			target = 98D4586A25E601C3007EADCB /* HDWapaper */;
			targetProxy = 98D4588225E601C8007EADCB /* PBXContainerItemProxy */;
		};
		98D4588E25E601C8007EADCB /* PBXTargetDependency */ = {
			isa = PBXTargetDependency;
			target = 98D4586A25E601C3007EADCB /* HDWapaper */;
			targetProxy = 98D4588D25E601C8007EADCB /* PBXContainerItemProxy */;
		};
/* End PBXTargetDependency section */

/* Begin PBXVariantGroup section */
		98D4587425E601C3007EADCB /* Main.storyboard */ = {
			isa = PBXVariantGroup;
			children = (
				98D4587525E601C3007EADCB /* Base */,
			);
			name = Main.storyboard;
			sourceTree = "<group>";
		};
		98D4587925E601C8007EADCB /* LaunchScreen.storyboard */ = {
			isa = PBXVariantGroup;
			children = (
				98D4587A25E601C8007EADCB /* Base */,
			);
			name = LaunchScreen.storyboard;
			sourceTree = "<group>";
		};
/* End PBXVariantGroup section */

/* Begin XCBuildConfiguration section */
		98D4589325E601C8007EADCB /* Debug */ = {
			isa = XCBuildConfiguration;
			buildSettings = {
				ALWAYS_SEARCH_USER_PATHS = NO;
				CLANG_ANALYZER_NONNULL = YES;
				CLANG_ANALYZER_NUMBER_OBJECT_CONVERSION = YES_AGGRESSIVE;
				CLANG_CXX_LANGUAGE_STANDARD = "gnu++14";
				CLANG_CXX_LIBRARY = "libc++";
				CLANG_ENABLE_MODULES = YES;
				CLANG_ENABLE_OBJC_ARC = YES;
				CLANG_ENABLE_OBJC_WEAK = YES;
				CLANG_WARN_BLOCK_CAPTURE_AUTORELEASING = YES;
				CLANG_WARN_BOOL_CONVERSION = YES;
				CLANG_WARN_COMMA = YES;
				CLANG_WARN_CONSTANT_CONVERSION = YES;
				CLANG_WARN_DEPRECATED_OBJC_IMPLEMENTATIONS = YES;
				CLANG_WARN_DIRECT_OBJC_ISA_USAGE = YES_ERROR;
				CLANG_WARN_DOCUMENTATION_COMMENTS = YES;
				CLANG_WARN_EMPTY_BODY = YES;
				CLANG_WARN_ENUM_CONVERSION = YES;
				CLANG_WARN_INFINITE_RECURSION = YES;
				CLANG_WARN_INT_CONVERSION = YES;
				CLANG_WARN_NON_LITERAL_NULL_CONVERSION = YES;
				CLANG_WARN_OBJC_IMPLICIT_RETAIN_SELF = YES;
				CLANG_WARN_OBJC_LITERAL_CONVERSION = YES;
				CLANG_WARN_OBJC_ROOT_CLASS = YES_ERROR;
				CLANG_WARN_QUOTED_INCLUDE_IN_FRAMEWORK_HEADER = YES;
				CLANG_WARN_RANGE_LOOP_ANALYSIS = YES;
				CLANG_WARN_STRICT_PROTOTYPES = YES;
				CLANG_WARN_SUSPICIOUS_MOVE = YES;
				CLANG_WARN_UNGUARDED_AVAILABILITY = YES_AGGRESSIVE;
				CLANG_WARN_UNREACHABLE_CODE = YES;
				CLANG_WARN__DUPLICATE_METHOD_MATCH = YES;
				COPY_PHASE_STRIP = NO;
				DEBUG_INFORMATION_FORMAT = dwarf;
				ENABLE_STRICT_OBJC_MSGSEND = YES;
				ENABLE_TESTABILITY = YES;
				GCC_C_LANGUAGE_STANDARD = gnu11;
				GCC_DYNAMIC_NO_PIC = NO;
				GCC_NO_COMMON_BLOCKS = YES;
				GCC_OPTIMIZATION_LEVEL = 0;
				GCC_PREPROCESSOR_DEFINITIONS = (
					"DEBUG=1",
					"$(inherited)",
				);
				GCC_WARN_64_TO_32_BIT_CONVERSION = YES;
				GCC_WARN_ABOUT_RETURN_TYPE = YES_ERROR;
				GCC_WARN_UNDECLARED_SELECTOR = YES;
				GCC_WARN_UNINITIALIZED_AUTOS = YES_AGGRESSIVE;
				GCC_WARN_UNUSED_FUNCTION = YES;
				GCC_WARN_UNUSED_VARIABLE = YES;
				IPHONEOS_DEPLOYMENT_TARGET = 14.4;
				MTL_ENABLE_DEBUG_INFO = INCLUDE_SOURCE;
				MTL_FAST_MATH = YES;
				ONLY_ACTIVE_ARCH = YES;
				SDKROOT = iphoneos;
				SWIFT_ACTIVE_COMPILATION_CONDITIONS = DEBUG;
				SWIFT_OPTIMIZATION_LEVEL = "-Onone";
			};
			name = Debug;
		};
		98D4589425E601C8007EADCB /* Release */ = {
			isa = XCBuildConfiguration;
			buildSettings = {
				ALWAYS_SEARCH_USER_PATHS = NO;
				CLANG_ANALYZER_NONNULL = YES;
				CLANG_ANALYZER_NUMBER_OBJECT_CONVERSION = YES_AGGRESSIVE;
				CLANG_CXX_LANGUAGE_STANDARD = "gnu++14";
				CLANG_CXX_LIBRARY = "libc++";
				CLANG_ENABLE_MODULES = YES;
				CLANG_ENABLE_OBJC_ARC = YES;
				CLANG_ENABLE_OBJC_WEAK = YES;
				CLANG_WARN_BLOCK_CAPTURE_AUTORELEASING = YES;
				CLANG_WARN_BOOL_CONVERSION = YES;
				CLANG_WARN_COMMA = YES;
				CLANG_WARN_CONSTANT_CONVERSION = YES;
				CLANG_WARN_DEPRECATED_OBJC_IMPLEMENTATIONS = YES;
				CLANG_WARN_DIRECT_OBJC_ISA_USAGE = YES_ERROR;
				CLANG_WARN_DOCUMENTATION_COMMENTS = YES;
				CLANG_WARN_EMPTY_BODY = YES;
				CLANG_WARN_ENUM_CONVERSION = YES;
				CLANG_WARN_INFINITE_RECURSION = YES;
				CLANG_WARN_INT_CONVERSION = YES;
				CLANG_WARN_NON_LITERAL_NULL_CONVERSION = YES;
				CLANG_WARN_OBJC_IMPLICIT_RETAIN_SELF = YES;
				CLANG_WARN_OBJC_LITERAL_CONVERSION = YES;
				CLANG_WARN_OBJC_ROOT_CLASS = YES_ERROR;
				CLANG_WARN_QUOTED_INCLUDE_IN_FRAMEWORK_HEADER = YES;
				CLANG_WARN_RANGE_LOOP_ANALYSIS = YES;
				CLANG_WARN_STRICT_PROTOTYPES = YES;
				CLANG_WARN_SUSPICIOUS_MOVE = YES;
				CLANG_WARN_UNGUARDED_AVAILABILITY = YES_AGGRESSIVE;
				CLANG_WARN_UNREACHABLE_CODE = YES;
				CLANG_WARN__DUPLICATE_METHOD_MATCH = YES;
				COPY_PHASE_STRIP = NO;
				DEBUG_INFORMATION_FORMAT = "dwarf-with-dsym";
				ENABLE_NS_ASSERTIONS = NO;
				ENABLE_STRICT_OBJC_MSGSEND = YES;
				GCC_C_LANGUAGE_STANDARD = gnu11;
				GCC_NO_COMMON_BLOCKS = YES;
				GCC_WARN_64_TO_32_BIT_CONVERSION = YES;
				GCC_WARN_ABOUT_RETURN_TYPE = YES_ERROR;
				GCC_WARN_UNDECLARED_SELECTOR = YES;
				GCC_WARN_UNINITIALIZED_AUTOS = YES_AGGRESSIVE;
				GCC_WARN_UNUSED_FUNCTION = YES;
				GCC_WARN_UNUSED_VARIABLE = YES;
				IPHONEOS_DEPLOYMENT_TARGET = 14.4;
				MTL_ENABLE_DEBUG_INFO = NO;
				MTL_FAST_MATH = YES;
				SDKROOT = iphoneos;
				SWIFT_COMPILATION_MODE = wholemodule;
				SWIFT_OPTIMIZATION_LEVEL = "-O";
				VALIDATE_PRODUCT = YES;
			};
			name = Release;
		};
		98D4589625E601C8007EADCB /* Debug */ = {
			isa = XCBuildConfiguration;
			baseConfigurationReference = 9303422765B9AB17DB027346 /* Pods-HDWapaper.debug.xcconfig */;
			buildSettings = {
				ASSETCATALOG_COMPILER_APPICON_NAME = AppIcon;
				ASSETCATALOG_COMPILER_GLOBAL_ACCENT_COLOR_NAME = AccentColor;
				CODE_SIGN_STYLE = Automatic;
				DEVELOPMENT_TEAM = GKQFGAA876;
				INFOPLIST_FILE = HDWapaper/Info.plist;
				LD_RUNPATH_SEARCH_PATHS = (
					"$(inherited)",
					"@executable_path/Frameworks",
				);
				PRODUCT_BUNDLE_IDENTIFIER = com.xu.HDwapaper;
				PRODUCT_NAME = "$(TARGET_NAME)";
				SWIFT_VERSION = 5.0;
				TARGETED_DEVICE_FAMILY = "1,2";
			};
			name = Debug;
		};
		98D4589725E601C8007EADCB /* Release */ = {
			isa = XCBuildConfiguration;
			baseConfigurationReference = 9DBA0649049042736AA616CD /* Pods-HDWapaper.release.xcconfig */;
			buildSettings = {
				ASSETCATALOG_COMPILER_APPICON_NAME = AppIcon;
				ASSETCATALOG_COMPILER_GLOBAL_ACCENT_COLOR_NAME = AccentColor;
				CODE_SIGN_STYLE = Manual;
				DEVELOPMENT_TEAM = "";
				INFOPLIST_FILE = HDWapaper/Info.plist;
				LD_RUNPATH_SEARCH_PATHS = (
					"$(inherited)",
					"@executable_path/Frameworks",
				);
				PRODUCT_BUNDLE_IDENTIFIER = bac.vuongtoan.HDWapaper;
				PRODUCT_NAME = "$(TARGET_NAME)";
				PROVISIONING_PROFILE_SPECIFIER = "";
				SWIFT_VERSION = 5.0;
				TARGETED_DEVICE_FAMILY = "1,2";
			};
			name = Release;
		};
		98D4589925E601C8007EADCB /* Debug */ = {
			isa = XCBuildConfiguration;
			buildSettings = {
				ALWAYS_EMBED_SWIFT_STANDARD_LIBRARIES = YES;
				BUNDLE_LOADER = "$(TEST_HOST)";
				CODE_SIGN_STYLE = Automatic;
				INFOPLIST_FILE = HDWapaperTests/Info.plist;
				IPHONEOS_DEPLOYMENT_TARGET = 14.4;
				LD_RUNPATH_SEARCH_PATHS = (
					"$(inherited)",
					"@executable_path/Frameworks",
					"@loader_path/Frameworks",
				);
				PRODUCT_BUNDLE_IDENTIFIER = bac.vuongtoan.HDWapaperTests;
				PRODUCT_NAME = "$(TARGET_NAME)";
				SWIFT_VERSION = 5.0;
				TARGETED_DEVICE_FAMILY = "1,2";
				TEST_HOST = "$(BUILT_PRODUCTS_DIR)/HDWapaper.app/HDWapaper";
			};
			name = Debug;
		};
		98D4589A25E601C8007EADCB /* Release */ = {
			isa = XCBuildConfiguration;
			buildSettings = {
				ALWAYS_EMBED_SWIFT_STANDARD_LIBRARIES = YES;
				BUNDLE_LOADER = "$(TEST_HOST)";
				CODE_SIGN_STYLE = Automatic;
				INFOPLIST_FILE = HDWapaperTests/Info.plist;
				IPHONEOS_DEPLOYMENT_TARGET = 14.4;
				LD_RUNPATH_SEARCH_PATHS = (
					"$(inherited)",
					"@executable_path/Frameworks",
					"@loader_path/Frameworks",
				);
				PRODUCT_BUNDLE_IDENTIFIER = bac.vuongtoan.HDWapaperTests;
				PRODUCT_NAME = "$(TARGET_NAME)";
				SWIFT_VERSION = 5.0;
				TARGETED_DEVICE_FAMILY = "1,2";
				TEST_HOST = "$(BUILT_PRODUCTS_DIR)/HDWapaper.app/HDWapaper";
			};
			name = Release;
		};
		98D4589C25E601C8007EADCB /* Debug */ = {
			isa = XCBuildConfiguration;
			buildSettings = {
				ALWAYS_EMBED_SWIFT_STANDARD_LIBRARIES = YES;
				CODE_SIGN_STYLE = Automatic;
				INFOPLIST_FILE = HDWapaperUITests/Info.plist;
				LD_RUNPATH_SEARCH_PATHS = (
					"$(inherited)",
					"@executable_path/Frameworks",
					"@loader_path/Frameworks",
				);
				PRODUCT_BUNDLE_IDENTIFIER = bac.vuongtoan.HDWapaperUITests;
				PRODUCT_NAME = "$(TARGET_NAME)";
				SWIFT_VERSION = 5.0;
				TARGETED_DEVICE_FAMILY = "1,2";
				TEST_TARGET_NAME = HDWapaper;
			};
			name = Debug;
		};
		98D4589D25E601C8007EADCB /* Release */ = {
			isa = XCBuildConfiguration;
			buildSettings = {
				ALWAYS_EMBED_SWIFT_STANDARD_LIBRARIES = YES;
				CODE_SIGN_STYLE = Automatic;
				INFOPLIST_FILE = HDWapaperUITests/Info.plist;
				LD_RUNPATH_SEARCH_PATHS = (
					"$(inherited)",
					"@executable_path/Frameworks",
					"@loader_path/Frameworks",
				);
				PRODUCT_BUNDLE_IDENTIFIER = bac.vuongtoan.HDWapaperUITests;
				PRODUCT_NAME = "$(TARGET_NAME)";
				SWIFT_VERSION = 5.0;
				TARGETED_DEVICE_FAMILY = "1,2";
				TEST_TARGET_NAME = HDWapaper;
			};
			name = Release;
		};
/* End XCBuildConfiguration section */

/* Begin XCConfigurationList section */
		98D4586625E601C3007EADCB /* Build configuration list for PBXProject "HDWapaper" */ = {
			isa = XCConfigurationList;
			buildConfigurations = (
				98D4589325E601C8007EADCB /* Debug */,
				98D4589425E601C8007EADCB /* Release */,
			);
			defaultConfigurationIsVisible = 0;
			defaultConfigurationName = Release;
		};
		98D4589525E601C8007EADCB /* Build configuration list for PBXNativeTarget "HDWapaper" */ = {
			isa = XCConfigurationList;
			buildConfigurations = (
				98D4589625E601C8007EADCB /* Debug */,
				98D4589725E601C8007EADCB /* Release */,
			);
			defaultConfigurationIsVisible = 0;
			defaultConfigurationName = Release;
		};
		98D4589825E601C8007EADCB /* Build configuration list for PBXNativeTarget "HDWapaperTests" */ = {
			isa = XCConfigurationList;
			buildConfigurations = (
				98D4589925E601C8007EADCB /* Debug */,
				98D4589A25E601C8007EADCB /* Release */,
			);
			defaultConfigurationIsVisible = 0;
			defaultConfigurationName = Release;
		};
		98D4589B25E601C8007EADCB /* Build configuration list for PBXNativeTarget "HDWapaperUITests" */ = {
			isa = XCConfigurationList;
			buildConfigurations = (
				98D4589C25E601C8007EADCB /* Debug */,
				98D4589D25E601C8007EADCB /* Release */,
			);
			defaultConfigurationIsVisible = 0;
			defaultConfigurationName = Release;
		};
/* End XCConfigurationList section */
	};
	rootObject = 98D4586325E601C3007EADCB /* Project object */;
}
